
Microsoft Visual Studio Solution File, Format Version 12.00
# Visual Studio Version 17
VisualStudioVersion = 17.1.32319.34
MinimumVisualStudioVersion = 10.0.40219.1
Project("{9A19103F-16F7-4668-BE54-9A1E7A4F7556}") = "CSharpFunctions", "CSharpFunctions\CSharpFunctions.csproj", "{503B130A-B6B1-4C79-957D-50E3E59A8474}"
EndProject
Project("{FAE04EC0-301F-11D3-BF4B-00C04F79EFBC}") = "Bonus", "Bonus\Bonus.csproj", "{29F2440C-3D1D-4A40-89A8-66408BC3F868}"
EndProject
Global
	GlobalSection(SolutionConfigurationPlatforms) = preSolution
		Debug|Any CPU = Debug|Any CPU
		Release|Any CPU = Release|Any CPU
	EndGlobalSection
	GlobalSection(ProjectConfigurationPlatforms) = postSolution
		{503B130A-B6B1-4C79-957D-50E3E59A8474}.Debug|Any CPU.ActiveCfg = Debug|Any CPU
		{503B130A-B6B1-4C79-957D-50E3E59A8474}.Debug|Any CPU.Build.0 = Debug|Any CPU
		{503B130A-B6B1-4C79-957D-50E3E59A8474}.Release|Any CPU.ActiveCfg = Release|Any CPU
		{503B130A-B6B1-4C79-957D-50E3E59A8474}.Release|Any CPU.Build.0 = Release|Any CPU
		{29F2440C-3D1D-4A40-89A8-66408BC3F868}.Debug|Any CPU.ActiveCfg = Debug|Any CPU
		{29F2440C-3D1D-4A40-89A8-66408BC3F868}.Debug|Any CPU.Build.0 = Debug|Any CPU
		{29F2440C-3D1D-4A40-89A8-66408BC3F868}.Release|Any CPU.ActiveCfg = Release|Any CPU
		{29F2440C-3D1D-4A40-89A8-66408BC3F868}.Release|Any CPU.Build.0 = Release|Any CPU
	EndGlobalSection
	GlobalSection(SolutionProperties) = preSolution
		HideSolutionNode = FALSE
	EndGlobalSection
	GlobalSection(ExtensibilityGlobals) = postSolution
		SolutionGuid = {996D2DB5-4B91-4C20-8A9A-B7EB43BDF158}
	EndGlobalSection
EndGlobal
